
Microsoft Visual Studio Solution File, Format Version 12.00
# Visual Studio Version 16
VisualStudioVersion = 16.0.30621.155
MinimumVisualStudioVersion = 10.0.40219.1
Project("{FAE04EC0-301F-11D3-BF4B-00C04F79EFBC}") = "EventsNTicketsApp", "EventsNTicketsApp\EventsNTicketsApp.csproj", "{63915023-B59F-4FE7-99BE-4C577DCD96EE}"
EndProject
Global
	GlobalSection(SolutionConfigurationPlatforms) = preSolution
		Debug|Any CPU = Debug|Any CPU
		Release|Any CPU = Release|Any CPU
	EndGlobalSection
	GlobalSection(ProjectConfigurationPlatforms) = postSolution
		{63915023-B59F-4FE7-99BE-4C577DCD96EE}.Debug|Any CPU.ActiveCfg = Debug|Any CPU
		{63915023-B59F-4FE7-99BE-4C577DCD96EE}.Debug|Any CPU.Build.0 = Debug|Any CPU
		{63915023-B59F-4FE7-99BE-4C577DCD96EE}.Release|Any CPU.ActiveCfg = Release|Any CPU
		{63915023-B59F-4FE7-99BE-4C577DCD96EE}.Release|Any CPU.Build.0 = Release|Any CPU
	EndGlobalSection
	GlobalSection(SolutionProperties) = preSolution
		HideSolutionNode = FALSE
	EndGlobalSection
	GlobalSection(ExtensibilityGlobals) = postSolution
		SolutionGuid = {73816D73-7844-41D1-959A-FFF232479122}
	EndGlobalSection
EndGlobal
